
Microsoft Visual Studio Solution File, Format Version 12.00
# Visual Studio 15
VisualStudioVersion = 15.0.27703.2042
MinimumVisualStudioVersion = 10.0.40219.1
Project("{FAE04EC0-301F-11D3-BF4B-00C04F79EFBC}") = "SuperiorHackBase.Core", "SuperiorHackBase.Core\SuperiorHackBase.Core.csproj", "{7E50A41B-D1BF-4764-9C7B-A629B879A29D}"
EndProject
Project("{FAE04EC0-301F-11D3-BF4B-00C04F79EFBC}") = "SuperiorHackBase.Input", "SuperiorHackBase.Input\SuperiorHackBase.Input.csproj", "{9B517819-AE7D-43AB-AD41-7EAA92BD981B}"
EndProject
Project("{FAE04EC0-301F-11D3-BF4B-00C04F79EFBC}") = "SuperiorHackBase.Graphics", "SuperiorHackBase.Graphics\SuperiorHackBase.Graphics.csproj", "{ADE5C263-7F06-44D8-B560-3C1D003844E9}"
EndProject
Project("{FAE04EC0-301F-11D3-BF4B-00C04F79EFBC}") = "SuperiorHackBase.Rendering.SharpDX.D2D1", "SuperiorHackBase.Rendering.SharpDX.D2D1\SuperiorHackBase.Rendering.SharpDX.D2D1.csproj", "{944AAD12-BE36-443E-926C-46F714B4BC74}"
EndProject
Project("{FAE04EC0-301F-11D3-BF4B-00C04F79EFBC}") = "SuperiorHackBase.Test", "SuperiorHackBase.Test\SuperiorHackBase.Test.csproj", "{296456FF-A60E-4F07-B436-C26E59C2CD46}"
EndProject
Global
	GlobalSection(SolutionConfigurationPlatforms) = preSolution
		Debug|Any CPU = Debug|Any CPU
		Release|Any CPU = Release|Any CPU
	EndGlobalSection
	GlobalSection(ProjectConfigurationPlatforms) = postSolution
		{7E50A41B-D1BF-4764-9C7B-A629B879A29D}.Debug|Any CPU.ActiveCfg = Debug|Any CPU
		{7E50A41B-D1BF-4764-9C7B-A629B879A29D}.Debug|Any CPU.Build.0 = Debug|Any CPU
		{7E50A41B-D1BF-4764-9C7B-A629B879A29D}.Release|Any CPU.ActiveCfg = Release|Any CPU
		{7E50A41B-D1BF-4764-9C7B-A629B879A29D}.Release|Any CPU.Build.0 = Release|Any CPU
		{9B517819-AE7D-43AB-AD41-7EAA92BD981B}.Debug|Any CPU.ActiveCfg = Debug|Any CPU
		{9B517819-AE7D-43AB-AD41-7EAA92BD981B}.Debug|Any CPU.Build.0 = Debug|Any CPU
		{9B517819-AE7D-43AB-AD41-7EAA92BD981B}.Release|Any CPU.ActiveCfg = Release|Any CPU
		{9B517819-AE7D-43AB-AD41-7EAA92BD981B}.Release|Any CPU.Build.0 = Release|Any CPU
		{ADE5C263-7F06-44D8-B560-3C1D003844E9}.Debug|Any CPU.ActiveCfg = Debug|Any CPU
		{ADE5C263-7F06-44D8-B560-3C1D003844E9}.Debug|Any CPU.Build.0 = Debug|Any CPU
		{ADE5C263-7F06-44D8-B560-3C1D003844E9}.Release|Any CPU.ActiveCfg = Release|Any CPU
		{ADE5C263-7F06-44D8-B560-3C1D003844E9}.Release|Any CPU.Build.0 = Release|Any CPU
		{944AAD12-BE36-443E-926C-46F714B4BC74}.Debug|Any CPU.ActiveCfg = Debug|Any CPU
		{944AAD12-BE36-443E-926C-46F714B4BC74}.Debug|Any CPU.Build.0 = Debug|Any CPU
		{944AAD12-BE36-443E-926C-46F714B4BC74}.Release|Any CPU.ActiveCfg = Release|Any CPU
		{944AAD12-BE36-443E-926C-46F714B4BC74}.Release|Any CPU.Build.0 = Release|Any CPU
		{296456FF-A60E-4F07-B436-C26E59C2CD46}.Debug|Any CPU.ActiveCfg = Debug|Any CPU
		{296456FF-A60E-4F07-B436-C26E59C2CD46}.Debug|Any CPU.Build.0 = Debug|Any CPU
		{296456FF-A60E-4F07-B436-C26E59C2CD46}.Release|Any CPU.ActiveCfg = Release|Any CPU
		{296456FF-A60E-4F07-B436-C26E59C2CD46}.Release|Any CPU.Build.0 = Release|Any CPU
	EndGlobalSection
	GlobalSection(SolutionProperties) = preSolution
		HideSolutionNode = FALSE
	EndGlobalSection
	GlobalSection(ExtensibilityGlobals) = postSolution
		SolutionGuid = {5CA9C1FC-C15E-4CBA-A08A-5A2A5F11687A}
	EndGlobalSection
EndGlobal
